// !$*UTF8*$!
{
	archiveVersion = 1;
	classes = {
	};
	objectVersion = 56;
	objects = {

/* Begin PBXBuildFile section */
		253586862BE60C29005A02F1 /* TCPServer.swift in Sources */ = {isa = PBXBuildFile; fileRef = 253586852BE60C29005A02F1 /* TCPServer.swift */; };
		257928372BDCE99C005F2A6C /* AppDelegate.swift in Sources */ = {isa = PBXBuildFile; fileRef = 257928362BDCE99C005F2A6C /* AppDelegate.swift */; };
		257928392BDCE99C005F2A6C /* SceneDelegate.swift in Sources */ = {isa = PBXBuildFile; fileRef = 257928382BDCE99C005F2A6C /* SceneDelegate.swift */; };
		2579283B2BDCE99C005F2A6C /* ViewController.swift in Sources */ = {isa = PBXBuildFile; fileRef = 2579283A2BDCE99C005F2A6C /* ViewController.swift */; };
		2579283E2BDCE99C005F2A6C /* Main.storyboard in Resources */ = {isa = PBXBuildFile; fileRef = 2579283C2BDCE99C005F2A6C /* Main.storyboard */; };
		257928412BDCE99C005F2A6C /* TestingBle.xcdatamodeld in Sources */ = {isa = PBXBuildFile; fileRef = 2579283F2BDCE99C005F2A6C /* TestingBle.xcdatamodeld */; };
		257928432BDCE99D005F2A6C /* Assets.xcassets in Resources */ = {isa = PBXBuildFile; fileRef = 257928422BDCE99D005F2A6C /* Assets.xcassets */; };
		257928462BDCE99D005F2A6C /* LaunchScreen.storyboard in Resources */ = {isa = PBXBuildFile; fileRef = 257928442BDCE99D005F2A6C /* LaunchScreen.storyboard */; };
		257928512BDCE99D005F2A6C /* TestingBleTests.swift in Sources */ = {isa = PBXBuildFile; fileRef = 257928502BDCE99D005F2A6C /* TestingBleTests.swift */; };
		2579285B2BDCE99D005F2A6C /* TestingBleUITests.swift in Sources */ = {isa = PBXBuildFile; fileRef = 2579285A2BDCE99D005F2A6C /* TestingBleUITests.swift */; };
		2579285D2BDCE99D005F2A6C /* TestingBleUITestsLaunchTests.swift in Sources */ = {isa = PBXBuildFile; fileRef = 2579285C2BDCE99D005F2A6C /* TestingBleUITestsLaunchTests.swift */; };
		2579286A2BDCF130005F2A6C /* File.swift in Sources */ = {isa = PBXBuildFile; fileRef = 257928692BDCF130005F2A6C /* File.swift */; };
/* End PBXBuildFile section */

/* Begin PBXContainerItemProxy section */
		2579284D2BDCE99D005F2A6C /* PBXContainerItemProxy */ = {
			isa = PBXContainerItemProxy;
			containerPortal = 2579282B2BDCE99C005F2A6C /* Project object */;
			proxyType = 1;
			remoteGlobalIDString = 257928322BDCE99C005F2A6C;
			remoteInfo = TestingBle;
		};
		257928572BDCE99D005F2A6C /* PBXContainerItemProxy */ = {
			isa = PBXContainerItemProxy;
			containerPortal = 2579282B2BDCE99C005F2A6C /* Project object */;
			proxyType = 1;
			remoteGlobalIDString = 257928322BDCE99C005F2A6C;
			remoteInfo = TestingBle;
		};
/* End PBXContainerItemProxy section */

/* Begin PBXFileReference section */
		253586852BE60C29005A02F1 /* TCPServer.swift */ = {isa = PBXFileReference; lastKnownFileType = sourcecode.swift; path = TCPServer.swift; sourceTree = "<group>"; };
		257928332BDCE99C005F2A6C /* TestingBle.app */ = {isa = PBXFileReference; explicitFileType = wrapper.application; includeInIndex = 0; path = TestingBle.app; sourceTree = BUILT_PRODUCTS_DIR; };
		257928362BDCE99C005F2A6C /* AppDelegate.swift */ = {isa = PBXFileReference; lastKnownFileType = sourcecode.swift; path = AppDelegate.swift; sourceTree = "<group>"; };
		257928382BDCE99C005F2A6C /* SceneDelegate.swift */ = {isa = PBXFileReference; lastKnownFileType = sourcecode.swift; path = SceneDelegate.swift; sourceTree = "<group>"; };
		2579283A2BDCE99C005F2A6C /* ViewController.swift */ = {isa = PBXFileReference; lastKnownFileType = sourcecode.swift; path = ViewController.swift; sourceTree = "<group>"; };
		2579283D2BDCE99C005F2A6C /* Base */ = {isa = PBXFileReference; lastKnownFileType = file.storyboard; name = Base; path = Base.lproj/Main.storyboard; sourceTree = "<group>"; };
		257928402BDCE99C005F2A6C /* TestingBle.xcdatamodel */ = {isa = PBXFileReference; lastKnownFileType = wrapper.xcdatamodel; path = TestingBle.xcdatamodel; sourceTree = "<group>"; };
		257928422BDCE99D005F2A6C /* Assets.xcassets */ = {isa = PBXFileReference; lastKnownFileType = folder.assetcatalog; path = Assets.xcassets; sourceTree = "<group>"; };
		257928452BDCE99D005F2A6C /* Base */ = {isa = PBXFileReference; lastKnownFileType = file.storyboard; name = Base; path = Base.lproj/LaunchScreen.storyboard; sourceTree = "<group>"; };
		257928472BDCE99D005F2A6C /* Info.plist */ = {isa = PBXFileReference; lastKnownFileType = text.plist.xml; path = Info.plist; sourceTree = "<group>"; };
		2579284C2BDCE99D005F2A6C /* TestingBleTests.xctest */ = {isa = PBXFileReference; explicitFileType = wrapper.cfbundle; includeInIndex = 0; path = TestingBleTests.xctest; sourceTree = BUILT_PRODUCTS_DIR; };
		257928502BDCE99D005F2A6C /* TestingBleTests.swift */ = {isa = PBXFileReference; lastKnownFileType = sourcecode.swift; path = TestingBleTests.swift; sourceTree = "<group>"; };
		257928562BDCE99D005F2A6C /* TestingBleUITests.xctest */ = {isa = PBXFileReference; explicitFileType = wrapper.cfbundle; includeInIndex = 0; path = TestingBleUITests.xctest; sourceTree = BUILT_PRODUCTS_DIR; };
		2579285A2BDCE99D005F2A6C /* TestingBleUITests.swift */ = {isa = PBXFileReference; lastKnownFileType = sourcecode.swift; path = TestingBleUITests.swift; sourceTree = "<group>"; };
		2579285C2BDCE99D005F2A6C /* TestingBleUITestsLaunchTests.swift */ = {isa = PBXFileReference; lastKnownFileType = sourcecode.swift; path = TestingBleUITestsLaunchTests.swift; sourceTree = "<group>"; };
		257928692BDCF130005F2A6C /* File.swift */ = {isa = PBXFileReference; lastKnownFileType = sourcecode.swift; path = File.swift; sourceTree = "<group>"; };
/* End PBXFileReference section */

/* Begin PBXFrameworksBuildPhase section */
		257928302BDCE99C005F2A6C /* Frameworks */ = {
			isa = PBXFrameworksBuildPhase;
			buildActionMask = 2147483647;
			files = (
			);
			runOnlyForDeploymentPostprocessing = 0;
		};
		257928492BDCE99D005F2A6C /* Frameworks */ = {
			isa = PBXFrameworksBuildPhase;
			buildActionMask = 2147483647;
			files = (
			);
			runOnlyForDeploymentPostprocessing = 0;
		};
		257928532BDCE99D005F2A6C /* Frameworks */ = {
			isa = PBXFrameworksBuildPhase;
			buildActionMask = 2147483647;
			files = (
			);
			runOnlyForDeploymentPostprocessing = 0;
		};
/* End PBXFrameworksBuildPhase section */

/* Begin PBXGroup section */
		2579282A2BDCE99C005F2A6C = {
			isa = PBXGroup;
			children = (
				253586852BE60C29005A02F1 /* TCPServer.swift */,
				257928352BDCE99C005F2A6C /* TestingBle */,
				2579284F2BDCE99D005F2A6C /* TestingBleTests */,
				257928592BDCE99D005F2A6C /* TestingBleUITests */,
				257928342BDCE99C005F2A6C /* Products */,
			);
			sourceTree = "<group>";
		};
		257928342BDCE99C005F2A6C /* Products */ = {
			isa = PBXGroup;
			children = (
				257928332BDCE99C005F2A6C /* TestingBle.app */,
				2579284C2BDCE99D005F2A6C /* TestingBleTests.xctest */,
				257928562BDCE99D005F2A6C /* TestingBleUITests.xctest */,
			);
			name = Products;
			sourceTree = "<group>";
		};
		257928352BDCE99C005F2A6C /* TestingBle */ = {
			isa = PBXGroup;
			children = (
				257928362BDCE99C005F2A6C /* AppDelegate.swift */,
				257928382BDCE99C005F2A6C /* SceneDelegate.swift */,
				2579283A2BDCE99C005F2A6C /* ViewController.swift */,
				2579283C2BDCE99C005F2A6C /* Main.storyboard */,
				257928422BDCE99D005F2A6C /* Assets.xcassets */,
				257928442BDCE99D005F2A6C /* LaunchScreen.storyboard */,
				257928472BDCE99D005F2A6C /* Info.plist */,
				2579283F2BDCE99C005F2A6C /* TestingBle.xcdatamodeld */,
				257928692BDCF130005F2A6C /* File.swift */,
			);
			path = TestingBle;
			sourceTree = "<group>";
		};
		2579284F2BDCE99D005F2A6C /* TestingBleTests */ = {
			isa = PBXGroup;
			children = (
				257928502BDCE99D005F2A6C /* TestingBleTests.swift */,
			);
			path = TestingBleTests;
			sourceTree = "<group>";
		};
		257928592BDCE99D005F2A6C /* TestingBleUITests */ = {
			isa = PBXGroup;
			children = (
				2579285A2BDCE99D005F2A6C /* TestingBleUITests.swift */,
				2579285C2BDCE99D005F2A6C /* TestingBleUITestsLaunchTests.swift */,
			);
			path = TestingBleUITests;
			sourceTree = "<group>";
		};
/* End PBXGroup section */

/* Begin PBXNativeTarget section */
		257928322BDCE99C005F2A6C /* TestingBle */ = {
			isa = PBXNativeTarget;
			buildConfigurationList = 257928602BDCE99D005F2A6C /* Build configuration list for PBXNativeTarget "TestingBle" */;
			buildPhases = (
				2579282F2BDCE99C005F2A6C /* Sources */,
				257928302BDCE99C005F2A6C /* Frameworks */,
				257928312BDCE99C005F2A6C /* Resources */,
			);
			buildRules = (
			);
			dependencies = (
			);
			name = TestingBle;
			productName = TestingBle;
			productReference = 257928332BDCE99C005F2A6C /* TestingBle.app */;
			productType = "com.apple.product-type.application";
		};
		2579284B2BDCE99D005F2A6C /* TestingBleTests */ = {
			isa = PBXNativeTarget;
			buildConfigurationList = 257928632BDCE99D005F2A6C /* Build configuration list for PBXNativeTarget "TestingBleTests" */;
			buildPhases = (
				257928482BDCE99D005F2A6C /* Sources */,
				257928492BDCE99D005F2A6C /* Frameworks */,
				2579284A2BDCE99D005F2A6C /* Resources */,
			);
			buildRules = (
			);
			dependencies = (
				2579284E2BDCE99D005F2A6C /* PBXTargetDependency */,
			);
			name = TestingBleTests;
			productName = TestingBleTests;
			productReference = 2579284C2BDCE99D005F2A6C /* TestingBleTests.xctest */;
			productType = "com.apple.product-type.bundle.unit-test";
		};
		257928552BDCE99D005F2A6C /* TestingBleUITests */ = {
			isa = PBXNativeTarget;
			buildConfigurationList = 257928662BDCE99D005F2A6C /* Build configuration list for PBXNativeTarget "TestingBleUITests" */;
			buildPhases = (
				257928522BDCE99D005F2A6C /* Sources */,
				257928532BDCE99D005F2A6C /* Frameworks */,
				257928542BDCE99D005F2A6C /* Resources */,
			);
			buildRules = (
			);
			dependencies = (
				257928582BDCE99D005F2A6C /* PBXTargetDependency */,
			);
			name = TestingBleUITests;
			productName = TestingBleUITests;
			productReference = 257928562BDCE99D005F2A6C /* TestingBleUITests.xctest */;
			productType = "com.apple.product-type.bundle.ui-testing";
		};
/* End PBXNativeTarget section */

/* Begin PBXProject section */
		2579282B2BDCE99C005F2A6C /* Project object */ = {
			isa = PBXProject;
			attributes = {
				BuildIndependentTargetsInParallel = 1;
				LastSwiftUpdateCheck = 1500;
				LastUpgradeCheck = 1500;
				TargetAttributes = {
					257928322BDCE99C005F2A6C = {
						CreatedOnToolsVersion = 15.0.1;
					};
					2579284B2BDCE99D005F2A6C = {
						CreatedOnToolsVersion = 15.0.1;
						TestTargetID = 257928322BDCE99C005F2A6C;
					};
					257928552BDCE99D005F2A6C = {
						CreatedOnToolsVersion = 15.0.1;
						TestTargetID = 257928322BDCE99C005F2A6C;
					};
				};
			};
			buildConfigurationList = 2579282E2BDCE99C005F2A6C /* Build configuration list for PBXProject "TestingBle" */;
			compatibilityVersion = "Xcode 14.0";
			developmentRegion = en;
			hasScannedForEncodings = 0;
			knownRegions = (
				en,
				Base,
			);
			mainGroup = 2579282A2BDCE99C005F2A6C;
			productRefGroup = 257928342BDCE99C005F2A6C /* Products */;
			projectDirPath = "";
			projectRoot = "";
			targets = (
				257928322BDCE99C005F2A6C /* TestingBle */,
				2579284B2BDCE99D005F2A6C /* TestingBleTests */,
				257928552BDCE99D005F2A6C /* TestingBleUITests */,
			);
		};
/* End PBXProject section */

/* Begin PBXResourcesBuildPhase section */
		257928312BDCE99C005F2A6C /* Resources */ = {
			isa = PBXResourcesBuildPhase;
			buildActionMask = 2147483647;
			files = (
				257928462BDCE99D005F2A6C /* LaunchScreen.storyboard in Resources */,
				257928432BDCE99D005F2A6C /* Assets.xcassets in Resources */,
				2579283E2BDCE99C005F2A6C /* Main.storyboard in Resources */,
			);
			runOnlyForDeploymentPostprocessing = 0;
		};
		2579284A2BDCE99D005F2A6C /* Resources */ = {
			isa = PBXResourcesBuildPhase;
			buildActionMask = 2147483647;
			files = (
			);
			runOnlyForDeploymentPostprocessing = 0;
		};
		257928542BDCE99D005F2A6C /* Resources */ = {
			isa = PBXResourcesBuildPhase;
			buildActionMask = 2147483647;
			files = (
			);
			runOnlyForDeploymentPostprocessing = 0;
		};
/* End PBXResourcesBuildPhase section */

/* Begin PBXSourcesBuildPhase section */
		2579282F2BDCE99C005F2A6C /* Sources */ = {
			isa = PBXSourcesBuildPhase;
			buildActionMask = 2147483647;
			files = (
				2579286A2BDCF130005F2A6C /* File.swift in Sources */,
				257928412BDCE99C005F2A6C /* TestingBle.xcdatamodeld in Sources */,
				253586862BE60C29005A02F1 /* TCPServer.swift in Sources */,
				2579283B2BDCE99C005F2A6C /* ViewController.swift in Sources */,
				257928372BDCE99C005F2A6C /* AppDelegate.swift in Sources */,
				257928392BDCE99C005F2A6C /* SceneDelegate.swift in Sources */,
			);
			runOnlyForDeploymentPostprocessing = 0;
		};
		257928482BDCE99D005F2A6C /* Sources */ = {
			isa = PBXSourcesBuildPhase;
			buildActionMask = 2147483647;
			files = (
				257928512BDCE99D005F2A6C /* TestingBleTests.swift in Sources */,
			);
			runOnlyForDeploymentPostprocessing = 0;
		};
		257928522BDCE99D005F2A6C /* Sources */ = {
			isa = PBXSourcesBuildPhase;
			buildActionMask = 2147483647;
			files = (
				2579285B2BDCE99D005F2A6C /* TestingBleUITests.swift in Sources */,
				2579285D2BDCE99D005F2A6C /* TestingBleUITestsLaunchTests.swift in Sources */,
			);
			runOnlyForDeploymentPostprocessing = 0;
		};
/* End PBXSourcesBuildPhase section */

/* Begin PBXTargetDependency section */
		2579284E2BDCE99D005F2A6C /* PBXTargetDependency */ = {
			isa = PBXTargetDependency;
			target = 257928322BDCE99C005F2A6C /* TestingBle */;
			targetProxy = 2579284D2BDCE99D005F2A6C /* PBXContainerItemProxy */;
		};
		257928582BDCE99D005F2A6C /* PBXTargetDependency */ = {
			isa = PBXTargetDependency;
			target = 257928322BDCE99C005F2A6C /* TestingBle */;
			targetProxy = 257928572BDCE99D005F2A6C /* PBXContainerItemProxy */;
		};
/* End PBXTargetDependency section */

/* Begin PBXVariantGroup section */
		2579283C2BDCE99C005F2A6C /* Main.storyboard */ = {
			isa = PBXVariantGroup;
			children = (
				2579283D2BDCE99C005F2A6C /* Base */,
			);
			name = Main.storyboard;
			sourceTree = "<group>";
		};
		257928442BDCE99D005F2A6C /* LaunchScreen.storyboard */ = {
			isa = PBXVariantGroup;
			children = (
				257928452BDCE99D005F2A6C /* Base */,
			);
			name = LaunchScreen.storyboard;
			sourceTree = "<group>";
		};
/* End PBXVariantGroup section */

/* Begin XCBuildConfiguration section */
		2579285E2BDCE99D005F2A6C /* Debug */ = {
			isa = XCBuildConfiguration;
			buildSettings = {
				ALWAYS_SEARCH_USER_PATHS = NO;
				ASSETCATALOG_COMPILER_GENERATE_SWIFT_ASSET_SYMBOL_EXTENSIONS = YES;
				CLANG_ANALYZER_NONNULL = YES;
				CLANG_ANALYZER_NUMBER_OBJECT_CONVERSION = YES_AGGRESSIVE;
				CLANG_CXX_LANGUAGE_STANDARD = "gnu++20";
				CLANG_ENABLE_MODULES = YES;
				CLANG_ENABLE_OBJC_ARC = YES;
				CLANG_ENABLE_OBJC_WEAK = YES;
				CLANG_WARN_BLOCK_CAPTURE_AUTORELEASING = YES;
				CLANG_WARN_BOOL_CONVERSION = YES;
				CLANG_WARN_COMMA = YES;
				CLANG_WARN_CONSTANT_CONVERSION = YES;
				CLANG_WARN_DEPRECATED_OBJC_IMPLEMENTATIONS = YES;
				CLANG_WARN_DIRECT_OBJC_ISA_USAGE = YES_ERROR;
				CLANG_WARN_DOCUMENTATION_COMMENTS = YES;
				CLANG_WARN_EMPTY_BODY = YES;
				CLANG_WARN_ENUM_CONVERSION = YES;
				CLANG_WARN_INFINITE_RECURSION = YES;
				CLANG_WARN_INT_CONVERSION = YES;
				CLANG_WARN_NON_LITERAL_NULL_CONVERSION = YES;
				CLANG_WARN_OBJC_IMPLICIT_RETAIN_SELF = YES;
				CLANG_WARN_OBJC_LITERAL_CONVERSION = YES;
				CLANG_WARN_OBJC_ROOT_CLASS = YES_ERROR;
				CLANG_WARN_QUOTED_INCLUDE_IN_FRAMEWORK_HEADER = YES;
				CLANG_WARN_RANGE_LOOP_ANALYSIS = YES;
				CLANG_WARN_STRICT_PROTOTYPES = YES;
				CLANG_WARN_SUSPICIOUS_MOVE = YES;
				CLANG_WARN_UNGUARDED_AVAILABILITY = YES_AGGRESSIVE;
				CLANG_WARN_UNREACHABLE_CODE = YES;
				CLANG_WARN__DUPLICATE_METHOD_MATCH = YES;
				COPY_PHASE_STRIP = NO;
				DEBUG_INFORMATION_FORMAT = dwarf;
				ENABLE_STRICT_OBJC_MSGSEND = YES;
				ENABLE_TESTABILITY = YES;
				ENABLE_USER_SCRIPT_SANDBOXING = YES;
				GCC_C_LANGUAGE_STANDARD = gnu17;
				GCC_DYNAMIC_NO_PIC = NO;
				GCC_NO_COMMON_BLOCKS = YES;
				GCC_OPTIMIZATION_LEVEL = 0;
				GCC_PREPROCESSOR_DEFINITIONS = (
					"DEBUG=1",
					"$(inherited)",
				);
				GCC_WARN_64_TO_32_BIT_CONVERSION = YES;
				GCC_WARN_ABOUT_RETURN_TYPE = YES_ERROR;
				GCC_WARN_UNDECLARED_SELECTOR = YES;
				GCC_WARN_UNINITIALIZED_AUTOS = YES_AGGRESSIVE;
				GCC_WARN_UNUSED_FUNCTION = YES;
				GCC_WARN_UNUSED_VARIABLE = YES;
				IPHONEOS_DEPLOYMENT_TARGET = 17.0;
				LOCALIZATION_PREFERS_STRING_CATALOGS = YES;
				MTL_ENABLE_DEBUG_INFO = INCLUDE_SOURCE;
				MTL_FAST_MATH = YES;
				ONLY_ACTIVE_ARCH = YES;
				SDKROOT = iphoneos;
				SWIFT_ACTIVE_COMPILATION_CONDITIONS = "DEBUG $(inherited)";
				SWIFT_OPTIMIZATION_LEVEL = "-Onone";
			};
			name = Debug;
		};
		2579285F2BDCE99D005F2A6C /* Release */ = {
			isa = XCBuildConfiguration;
			buildSettings = {
				ALWAYS_SEARCH_USER_PATHS = NO;
				ASSETCATALOG_COMPILER_GENERATE_SWIFT_ASSET_SYMBOL_EXTENSIONS = YES;
				CLANG_ANALYZER_NONNULL = YES;
				CLANG_ANALYZER_NUMBER_OBJECT_CONVERSION = YES_AGGRESSIVE;
				CLANG_CXX_LANGUAGE_STANDARD = "gnu++20";
				CLANG_ENABLE_MODULES = YES;
				CLANG_ENABLE_OBJC_ARC = YES;
				CLANG_ENABLE_OBJC_WEAK = YES;
				CLANG_WARN_BLOCK_CAPTURE_AUTORELEASING = YES;
				CLANG_WARN_BOOL_CONVERSION = YES;
				CLANG_WARN_COMMA = YES;
				CLANG_WARN_CONSTANT_CONVERSION = YES;
				CLANG_WARN_DEPRECATED_OBJC_IMPLEMENTATIONS = YES;
				CLANG_WARN_DIRECT_OBJC_ISA_USAGE = YES_ERROR;
				CLANG_WARN_DOCUMENTATION_COMMENTS = YES;
				CLANG_WARN_EMPTY_BODY = YES;
				CLANG_WARN_ENUM_CONVERSION = YES;
				CLANG_WARN_INFINITE_RECURSION = YES;
				CLANG_WARN_INT_CONVERSION = YES;
				CLANG_WARN_NON_LITERAL_NULL_CONVERSION = YES;
				CLANG_WARN_OBJC_IMPLICIT_RETAIN_SELF = YES;
				CLANG_WARN_OBJC_LITERAL_CONVERSION = YES;
				CLANG_WARN_OBJC_ROOT_CLASS = YES_ERROR;
				CLANG_WARN_QUOTED_INCLUDE_IN_FRAMEWORK_HEADER = YES;
				CLANG_WARN_RANGE_LOOP_ANALYSIS = YES;
				CLANG_WARN_STRICT_PROTOTYPES = YES;
				CLANG_WARN_SUSPICIOUS_MOVE = YES;
				CLANG_WARN_UNGUARDED_AVAILABILITY = YES_AGGRESSIVE;
				CLANG_WARN_UNREACHABLE_CODE = YES;
				CLANG_WARN__DUPLICATE_METHOD_MATCH = YES;
				COPY_PHASE_STRIP = NO;
				DEBUG_INFORMATION_FORMAT = "dwarf-with-dsym";
				ENABLE_NS_ASSERTIONS = NO;
				ENABLE_STRICT_OBJC_MSGSEND = YES;
				ENABLE_USER_SCRIPT_SANDBOXING = YES;
				GCC_C_LANGUAGE_STANDARD = gnu17;
				GCC_NO_COMMON_BLOCKS = YES;
				GCC_WARN_64_TO_32_BIT_CONVERSION = YES;
				GCC_WARN_ABOUT_RETURN_TYPE = YES_ERROR;
				GCC_WARN_UNDECLARED_SELECTOR = YES;
				GCC_WARN_UNINITIALIZED_AUTOS = YES_AGGRESSIVE;
				GCC_WARN_UNUSED_FUNCTION = YES;
				GCC_WARN_UNUSED_VARIABLE = YES;
				IPHONEOS_DEPLOYMENT_TARGET = 17.0;
				LOCALIZATION_PREFERS_STRING_CATALOGS = YES;
				MTL_ENABLE_DEBUG_INFO = NO;
				MTL_FAST_MATH = YES;
				SDKROOT = iphoneos;
				SWIFT_COMPILATION_MODE = wholemodule;
				VALIDATE_PRODUCT = YES;
			};
			name = Release;
		};
		257928612BDCE99D005F2A6C /* Debug */ = {
			isa = XCBuildConfiguration;
			buildSettings = {
				ASSETCATALOG_COMPILER_APPICON_NAME = AppIcon;
				ASSETCATALOG_COMPILER_GLOBAL_ACCENT_COLOR_NAME = AccentColor;
				CODE_SIGN_STYLE = Automatic;
				CURRENT_PROJECT_VERSION = 1;
				DEVELOPMENT_TEAM = V23C68N65J;
				GENERATE_INFOPLIST_FILE = YES;
				INFOPLIST_FILE = TestingBle/Info.plist;
				INFOPLIST_KEY_UIApplicationSupportsIndirectInputEvents = YES;
				INFOPLIST_KEY_UILaunchStoryboardName = LaunchScreen;
				INFOPLIST_KEY_UIMainStoryboardFile = Main;
				INFOPLIST_KEY_UISupportedInterfaceOrientations_iPad = "UIInterfaceOrientationPortrait UIInterfaceOrientationPortraitUpsideDown UIInterfaceOrientationLandscapeLeft UIInterfaceOrientationLandscapeRight";
				INFOPLIST_KEY_UISupportedInterfaceOrientations_iPhone = "UIInterfaceOrientationPortrait UIInterfaceOrientationLandscapeLeft UIInterfaceOrientationLandscapeRight";
				LD_RUNPATH_SEARCH_PATHS = (
					"$(inherited)",
					"@executable_path/Frameworks",
				);
				MARKETING_VERSION = 1.0;
				PRODUCT_BUNDLE_IDENTIFIER = com.grozziie.TestingBle;
				PRODUCT_NAME = "$(TARGET_NAME)";
				SUPPORTED_PLATFORMS = "iphoneos iphonesimulator";
				SUPPORTS_MACCATALYST = NO;
				SUPPORTS_MAC_DESIGNED_FOR_IPHONE_IPAD = NO;
				SWIFT_EMIT_LOC_STRINGS = YES;
				SWIFT_VERSION = 5.0;
				TARGETED_DEVICE_FAMILY = 1;
			};
			name = Debug;
		};
		257928622BDCE99D005F2A6C /* Release */ = {
			isa = XCBuildConfiguration;
			buildSettings = {
				ASSETCATALOG_COMPILER_APPICON_NAME = AppIcon;
				ASSETCATALOG_COMPILER_GLOBAL_ACCENT_COLOR_NAME = AccentColor;
				CODE_SIGN_STYLE = Automatic;
				CURRENT_PROJECT_VERSION = 1;
				DEVELOPMENT_TEAM = V23C68N65J;
				GENERATE_INFOPLIST_FILE = YES;
				INFOPLIST_FILE = TestingBle/Info.plist;
				INFOPLIST_KEY_UIApplicationSupportsIndirectInputEvents = YES;
				INFOPLIST_KEY_UILaunchStoryboardName = LaunchScreen;
				INFOPLIST_KEY_UIMainStoryboardFile = Main;
				INFOPLIST_KEY_UISupportedInterfaceOrientations_iPad = "UIInterfaceOrientationPortrait UIInterfaceOrientationPortraitUpsideDown UIInterfaceOrientationLandscapeLeft UIInterfaceOrientationLandscapeRight";
				INFOPLIST_KEY_UISupportedInterfaceOrientations_iPhone = "UIInterfaceOrientationPortrait UIInterfaceOrientationLandscapeLeft UIInterfaceOrientationLandscapeRight";
				LD_RUNPATH_SEARCH_PATHS = (
					"$(inherited)",
					"@executable_path/Frameworks",
				);
				MARKETING_VERSION = 1.0;
				PRODUCT_BUNDLE_IDENTIFIER = com.grozziie.TestingBle;
				PRODUCT_NAME = "$(TARGET_NAME)";
				SUPPORTED_PLATFORMS = "iphoneos iphonesimulator";
				SUPPORTS_MACCATALYST = NO;
				SUPPORTS_MAC_DESIGNED_FOR_IPHONE_IPAD = NO;
				SWIFT_EMIT_LOC_STRINGS = YES;
				SWIFT_VERSION = 5.0;
				TARGETED_DEVICE_FAMILY = 1;
			};
			name = Release;
		};
		257928642BDCE99D005F2A6C /* Debug */ = {
			isa = XCBuildConfiguration;
			buildSettings = {
				ALWAYS_EMBED_SWIFT_STANDARD_LIBRARIES = YES;
				BUNDLE_LOADER = "$(TEST_HOST)";
				CODE_SIGN_STYLE = Automatic;
				CURRENT_PROJECT_VERSION = 1;
				DEVELOPMENT_TEAM = V23C68N65J;
				GENERATE_INFOPLIST_FILE = YES;
				IPHONEOS_DEPLOYMENT_TARGET = 17.0;
				MARKETING_VERSION = 1.0;
				PRODUCT_BUNDLE_IDENTIFIER = com.grozziie.TestingBleTests;
				PRODUCT_NAME = "$(TARGET_NAME)";
				SWIFT_EMIT_LOC_STRINGS = NO;
				SWIFT_VERSION = 5.0;
				TARGETED_DEVICE_FAMILY = "1,2";
				TEST_HOST = "$(BUILT_PRODUCTS_DIR)/TestingBle.app/$(BUNDLE_EXECUTABLE_FOLDER_PATH)/TestingBle";
			};
			name = Debug;
		};
		257928652BDCE99D005F2A6C /* Release */ = {
			isa = XCBuildConfiguration;
			buildSettings = {
				ALWAYS_EMBED_SWIFT_STANDARD_LIBRARIES = YES;
				BUNDLE_LOADER = "$(TEST_HOST)";
				CODE_SIGN_STYLE = Automatic;
				CURRENT_PROJECT_VERSION = 1;
				DEVELOPMENT_TEAM = V23C68N65J;
				GENERATE_INFOPLIST_FILE = YES;
				IPHONEOS_DEPLOYMENT_TARGET = 17.0;
				MARKETING_VERSION = 1.0;
				PRODUCT_BUNDLE_IDENTIFIER = com.grozziie.TestingBleTests;
				PRODUCT_NAME = "$(TARGET_NAME)";
				SWIFT_EMIT_LOC_STRINGS = NO;
				SWIFT_VERSION = 5.0;
				TARGETED_DEVICE_FAMILY = "1,2";
				TEST_HOST = "$(BUILT_PRODUCTS_DIR)/TestingBle.app/$(BUNDLE_EXECUTABLE_FOLDER_PATH)/TestingBle";
			};
			name = Release;
		};
		257928672BDCE99D005F2A6C /* Debug */ = {
			isa = XCBuildConfiguration;
			buildSettings = {
				ALWAYS_EMBED_SWIFT_STANDARD_LIBRARIES = YES;
				CODE_SIGN_STYLE = Automatic;
				CURRENT_PROJECT_VERSION = 1;
				DEVELOPMENT_TEAM = V23C68N65J;
				GENERATE_INFOPLIST_FILE = YES;
				MARKETING_VERSION = 1.0;
				PRODUCT_BUNDLE_IDENTIFIER = com.grozziie.TestingBleUITests;
				PRODUCT_NAME = "$(TARGET_NAME)";
				SWIFT_EMIT_LOC_STRINGS = NO;
				SWIFT_VERSION = 5.0;
				TARGETED_DEVICE_FAMILY = "1,2";
				TEST_TARGET_NAME = TestingBle;
			};
			name = Debug;
		};
		257928682BDCE99D005F2A6C /* Release */ = {
			isa = XCBuildConfiguration;
			buildSettings = {
				ALWAYS_EMBED_SWIFT_STANDARD_LIBRARIES = YES;
				CODE_SIGN_STYLE = Automatic;
				CURRENT_PROJECT_VERSION = 1;
				DEVELOPMENT_TEAM = V23C68N65J;
				GENERATE_INFOPLIST_FILE = YES;
				MARKETING_VERSION = 1.0;
				PRODUCT_BUNDLE_IDENTIFIER = com.grozziie.TestingBleUITests;
				PRODUCT_NAME = "$(TARGET_NAME)";
				SWIFT_EMIT_LOC_STRINGS = NO;
				SWIFT_VERSION = 5.0;
				TARGETED_DEVICE_FAMILY = "1,2";
				TEST_TARGET_NAME = TestingBle;
			};
			name = Release;
		};
/* End XCBuildConfiguration section */

/* Begin XCConfigurationList section */
		2579282E2BDCE99C005F2A6C /* Build configuration list for PBXProject "TestingBle" */ = {
			isa = XCConfigurationList;
			buildConfigurations = (
				2579285E2BDCE99D005F2A6C /* Debug */,
				2579285F2BDCE99D005F2A6C /* Release */,
			);
			defaultConfigurationIsVisible = 0;
			defaultConfigurationName = Release;
		};
		257928602BDCE99D005F2A6C /* Build configuration list for PBXNativeTarget "TestingBle" */ = {
			isa = XCConfigurationList;
			buildConfigurations = (
				257928612BDCE99D005F2A6C /* Debug */,
				257928622BDCE99D005F2A6C /* Release */,
			);
			defaultConfigurationIsVisible = 0;
			defaultConfigurationName = Release;
		};
		257928632BDCE99D005F2A6C /* Build configuration list for PBXNativeTarget "TestingBleTests" */ = {
			isa = XCConfigurationList;
			buildConfigurations = (
				257928642BDCE99D005F2A6C /* Debug */,
				257928652BDCE99D005F2A6C /* Release */,
			);
			defaultConfigurationIsVisible = 0;
			defaultConfigurationName = Release;
		};
		257928662BDCE99D005F2A6C /* Build configuration list for PBXNativeTarget "TestingBleUITests" */ = {
			isa = XCConfigurationList;
			buildConfigurations = (
				257928672BDCE99D005F2A6C /* Debug */,
				257928682BDCE99D005F2A6C /* Release */,
			);
			defaultConfigurationIsVisible = 0;
			defaultConfigurationName = Release;
		};
/* End XCConfigurationList section */

/* Begin XCVersionGroup section */
		2579283F2BDCE99C005F2A6C /* TestingBle.xcdatamodeld */ = {
			isa = XCVersionGroup;
			children = (
				257928402BDCE99C005F2A6C /* TestingBle.xcdatamodel */,
			);
			currentVersion = 257928402BDCE99C005F2A6C /* TestingBle.xcdatamodel */;
			path = TestingBle.xcdatamodeld;
			sourceTree = "<group>";
			versionGroupType = wrapper.xcdatamodel;
		};
/* End XCVersionGroup section */
	};
	rootObject = 2579282B2BDCE99C005F2A6C /* Project object */;
}
